
Microsoft Visual Studio Solution File, Format Version 12.00
# Visual Studio Version 17
VisualStudioVersion = 17.10.35004.147
MinimumVisualStudioVersion = 10.0.40219.1
Project("{FAE04EC0-301F-11D3-BF4B-00C04F79EFBC}") = "EFTutorial", "EFTutorial\EFTutorial.csproj", "{B69CA67D-E9F1-46B7-BA2E-6E5CA6780225}"
EndProject
Global
	GlobalSection(SolutionConfigurationPlatforms) = preSolution
		Debug|Any CPU = Debug|Any CPU
		Release|Any CPU = Release|Any CPU
	EndGlobalSection
	GlobalSection(ProjectConfigurationPlatforms) = postSolution
		{B69CA67D-E9F1-46B7-BA2E-6E5CA6780225}.Debug|Any CPU.ActiveCfg = Debug|Any CPU
		{B69CA67D-E9F1-46B7-BA2E-6E5CA6780225}.Debug|Any CPU.Build.0 = Debug|Any CPU
		{B69CA67D-E9F1-46B7-BA2E-6E5CA6780225}.Release|Any CPU.ActiveCfg = Release|Any CPU
		{B69CA67D-E9F1-46B7-BA2E-6E5CA6780225}.Release|Any CPU.Build.0 = Release|Any CPU
	EndGlobalSection
	GlobalSection(SolutionProperties) = preSolution
		HideSolutionNode = FALSE
	EndGlobalSection
	GlobalSection(ExtensibilityGlobals) = postSolution
		SolutionGuid = {94F47562-6CAD-4228-9DAE-1B6C4C8B04BA}
	EndGlobalSection
EndGlobal
